// !$*UTF8*$!
{
	archiveVersion = 1;
	classes = {
	};
	objectVersion = 56;
	objects = {

/* Begin PBXBuildFile section */
		0F4824AE2C52203000A8CF60 /* MovieDetailTableViewCell.swift in Sources */ = {isa = PBXBuildFile; fileRef = 0F4824AD2C52203000A8CF60 /* MovieDetailTableViewCell.swift */; };
		0F4824B02C5220CE00A8CF60 /* MovieListViewModel.swift in Sources */ = {isa = PBXBuildFile; fileRef = 0F4824AF2C5220CE00A8CF60 /* MovieListViewModel.swift */; };
		0F4824B22C5223DA00A8CF60 /* MovieCellViewModel.swift in Sources */ = {isa = PBXBuildFile; fileRef = 0F4824B12C5223DA00A8CF60 /* MovieCellViewModel.swift */; };
		0F4824B52C5332B400A8CF60 /* String+Extensions.swift in Sources */ = {isa = PBXBuildFile; fileRef = 0F4824B42C5332B400A8CF60 /* String+Extensions.swift */; };
		0F4824B72C533F4600A8CF60 /* HTTPClient.swift in Sources */ = {isa = PBXBuildFile; fileRef = 0F4824B62C533F4600A8CF60 /* HTTPClient.swift */; };
		0F4824B92C5351B700A8CF60 /* NoContentView.swift in Sources */ = {isa = PBXBuildFile; fileRef = 0F4824B82C5351B700A8CF60 /* NoContentView.swift */; };
		0F4824BB2C5357B900A8CF60 /* MovieTableView.swift in Sources */ = {isa = PBXBuildFile; fileRef = 0F4824BA2C5357B900A8CF60 /* MovieTableView.swift */; };
		0F4BB1202C51F66700C9B9C7 /* AppDelegate.swift in Sources */ = {isa = PBXBuildFile; fileRef = 0F4BB11F2C51F66700C9B9C7 /* AppDelegate.swift */; };
		0F4BB1292C51F66900C9B9C7 /* Assets.xcassets in Resources */ = {isa = PBXBuildFile; fileRef = 0F4BB1282C51F66900C9B9C7 /* Assets.xcassets */; };
		0F4BB12C2C51F66900C9B9C7 /* LaunchScreen.storyboard in Resources */ = {isa = PBXBuildFile; fileRef = 0F4BB12A2C51F66900C9B9C7 /* LaunchScreen.storyboard */; };
		0F4BB1392C51F76800C9B9C7 /* AppViewController.swift in Sources */ = {isa = PBXBuildFile; fileRef = 0F4BB1382C51F76800C9B9C7 /* AppViewController.swift */; };
		0F4BB13B2C51F89000C9B9C7 /* Movie.swift in Sources */ = {isa = PBXBuildFile; fileRef = 0F4BB13A2C51F89000C9B9C7 /* Movie.swift */; };
/* End PBXBuildFile section */

/* Begin PBXFileReference section */
		0F4824AD2C52203000A8CF60 /* MovieDetailTableViewCell.swift */ = {isa = PBXFileReference; lastKnownFileType = sourcecode.swift; path = MovieDetailTableViewCell.swift; sourceTree = "<group>"; };
		0F4824AF2C5220CE00A8CF60 /* MovieListViewModel.swift */ = {isa = PBXFileReference; lastKnownFileType = sourcecode.swift; path = MovieListViewModel.swift; sourceTree = "<group>"; };
		0F4824B12C5223DA00A8CF60 /* MovieCellViewModel.swift */ = {isa = PBXFileReference; lastKnownFileType = sourcecode.swift; path = MovieCellViewModel.swift; sourceTree = "<group>"; };
		0F4824B42C5332B400A8CF60 /* String+Extensions.swift */ = {isa = PBXFileReference; lastKnownFileType = sourcecode.swift; path = "String+Extensions.swift"; sourceTree = "<group>"; };
		0F4824B62C533F4600A8CF60 /* HTTPClient.swift */ = {isa = PBXFileReference; lastKnownFileType = sourcecode.swift; path = HTTPClient.swift; sourceTree = "<group>"; };
		0F4824B82C5351B700A8CF60 /* NoContentView.swift */ = {isa = PBXFileReference; lastKnownFileType = sourcecode.swift; path = NoContentView.swift; sourceTree = "<group>"; };
		0F4824BA2C5357B900A8CF60 /* MovieTableView.swift */ = {isa = PBXFileReference; lastKnownFileType = sourcecode.swift; path = MovieTableView.swift; sourceTree = "<group>"; };
		0F4BB11C2C51F66700C9B9C7 /* NetworkingWithCombine.app */ = {isa = PBXFileReference; explicitFileType = wrapper.application; includeInIndex = 0; path = NetworkingWithCombine.app; sourceTree = BUILT_PRODUCTS_DIR; };
		0F4BB11F2C51F66700C9B9C7 /* AppDelegate.swift */ = {isa = PBXFileReference; lastKnownFileType = sourcecode.swift; path = AppDelegate.swift; sourceTree = "<group>"; };
		0F4BB1282C51F66900C9B9C7 /* Assets.xcassets */ = {isa = PBXFileReference; lastKnownFileType = folder.assetcatalog; path = Assets.xcassets; sourceTree = "<group>"; };
		0F4BB12B2C51F66900C9B9C7 /* Base */ = {isa = PBXFileReference; lastKnownFileType = file.storyboard; name = Base; path = Base.lproj/LaunchScreen.storyboard; sourceTree = "<group>"; };
		0F4BB12D2C51F66900C9B9C7 /* Info.plist */ = {isa = PBXFileReference; lastKnownFileType = text.plist.xml; path = Info.plist; sourceTree = "<group>"; };
		0F4BB1382C51F76800C9B9C7 /* AppViewController.swift */ = {isa = PBXFileReference; lastKnownFileType = sourcecode.swift; path = AppViewController.swift; sourceTree = "<group>"; };
		0F4BB13A2C51F89000C9B9C7 /* Movie.swift */ = {isa = PBXFileReference; lastKnownFileType = sourcecode.swift; path = Movie.swift; sourceTree = "<group>"; };
/* End PBXFileReference section */

/* Begin PBXFrameworksBuildPhase section */
		0F4BB1192C51F66700C9B9C7 /* Frameworks */ = {
			isa = PBXFrameworksBuildPhase;
			buildActionMask = 2147483647;
			files = (
			);
			runOnlyForDeploymentPostprocessing = 0;
		};
/* End PBXFrameworksBuildPhase section */

/* Begin PBXGroup section */
		0F4824AC2C521FF700A8CF60 /* Views */ = {
			isa = PBXGroup;
			children = (
				0F4824B82C5351B700A8CF60 /* NoContentView.swift */,
				0F4824BA2C5357B900A8CF60 /* MovieTableView.swift */,
				0F4824AD2C52203000A8CF60 /* MovieDetailTableViewCell.swift */,
			);
			path = Views;
			sourceTree = "<group>";
		};
		0F4824B32C53329D00A8CF60 /* Extensions */ = {
			isa = PBXGroup;
			children = (
				0F4824B42C5332B400A8CF60 /* String+Extensions.swift */,
			);
			path = Extensions;
			sourceTree = "<group>";
		};
		0F4BB1132C51F66700C9B9C7 = {
			isa = PBXGroup;
			children = (
				0F4BB11E2C51F66700C9B9C7 /* NetworkingWithCombine */,
				0F4BB11D2C51F66700C9B9C7 /* Products */,
			);
			sourceTree = "<group>";
		};
		0F4BB11D2C51F66700C9B9C7 /* Products */ = {
			isa = PBXGroup;
			children = (
				0F4BB11C2C51F66700C9B9C7 /* NetworkingWithCombine.app */,
			);
			name = Products;
			sourceTree = "<group>";
		};
		0F4BB11E2C51F66700C9B9C7 /* NetworkingWithCombine */ = {
			isa = PBXGroup;
			children = (
				0F4824B32C53329D00A8CF60 /* Extensions */,
				0F4BB1342C51F73000C9B9C7 /* Main */,
				0F4BB1352C51F73A00C9B9C7 /* Model */,
				0F4BB1362C51F74000C9B9C7 /* View-Model */,
				0F4BB1372C51F74900C9B9C7 /* Controllers */,
				0F4824AC2C521FF700A8CF60 /* Views */,
				0F4BB1332C51F68600C9B9C7 /* Resources */,
				0F4BB12D2C51F66900C9B9C7 /* Info.plist */,
			);
			path = NetworkingWithCombine;
			sourceTree = "<group>";
		};
		0F4BB1332C51F68600C9B9C7 /* Resources */ = {
			isa = PBXGroup;
			children = (
				0F4BB1282C51F66900C9B9C7 /* Assets.xcassets */,
				0F4BB12A2C51F66900C9B9C7 /* LaunchScreen.storyboard */,
			);
			path = Resources;
			sourceTree = "<group>";
		};
		0F4BB1342C51F73000C9B9C7 /* Main */ = {
			isa = PBXGroup;
			children = (
				0F4BB11F2C51F66700C9B9C7 /* AppDelegate.swift */,
			);
			path = Main;
			sourceTree = "<group>";
		};
		0F4BB1352C51F73A00C9B9C7 /* Model */ = {
			isa = PBXGroup;
			children = (
				0F4BB13A2C51F89000C9B9C7 /* Movie.swift */,
				0F4824B62C533F4600A8CF60 /* HTTPClient.swift */,
			);
			path = Model;
			sourceTree = "<group>";
		};
		0F4BB1362C51F74000C9B9C7 /* View-Model */ = {
			isa = PBXGroup;
			children = (
				0F4824AF2C5220CE00A8CF60 /* MovieListViewModel.swift */,
				0F4824B12C5223DA00A8CF60 /* MovieCellViewModel.swift */,
			);
			path = "View-Model";
			sourceTree = "<group>";
		};
		0F4BB1372C51F74900C9B9C7 /* Controllers */ = {
			isa = PBXGroup;
			children = (
				0F4BB1382C51F76800C9B9C7 /* AppViewController.swift */,
			);
			path = Controllers;
			sourceTree = "<group>";
		};
/* End PBXGroup section */

/* Begin PBXNativeTarget section */
		0F4BB11B2C51F66700C9B9C7 /* NetworkingWithCombine */ = {
			isa = PBXNativeTarget;
			buildConfigurationList = 0F4BB1302C51F66900C9B9C7 /* Build configuration list for PBXNativeTarget "NetworkingWithCombine" */;
			buildPhases = (
				0F4BB1182C51F66700C9B9C7 /* Sources */,
				0F4BB1192C51F66700C9B9C7 /* Frameworks */,
				0F4BB11A2C51F66700C9B9C7 /* Resources */,
			);
			buildRules = (
			);
			dependencies = (
			);
			name = NetworkingWithCombine;
			productName = NetworkingWithCombine;
			productReference = 0F4BB11C2C51F66700C9B9C7 /* NetworkingWithCombine.app */;
			productType = "com.apple.product-type.application";
		};
/* End PBXNativeTarget section */

/* Begin PBXProject section */
		0F4BB1142C51F66700C9B9C7 /* Project object */ = {
			isa = PBXProject;
			attributes = {
				BuildIndependentTargetsInParallel = 1;
				LastSwiftUpdateCheck = 1510;
				LastUpgradeCheck = 1510;
				TargetAttributes = {
					0F4BB11B2C51F66700C9B9C7 = {
						CreatedOnToolsVersion = 15.1;
					};
				};
			};
			buildConfigurationList = 0F4BB1172C51F66700C9B9C7 /* Build configuration list for PBXProject "NetworkingWithCombine" */;
			compatibilityVersion = "Xcode 14.0";
			developmentRegion = en;
			hasScannedForEncodings = 0;
			knownRegions = (
				en,
				Base,
			);
			mainGroup = 0F4BB1132C51F66700C9B9C7;
			productRefGroup = 0F4BB11D2C51F66700C9B9C7 /* Products */;
			projectDirPath = "";
			projectRoot = "";
			targets = (
				0F4BB11B2C51F66700C9B9C7 /* NetworkingWithCombine */,
			);
		};
/* End PBXProject section */

/* Begin PBXResourcesBuildPhase section */
		0F4BB11A2C51F66700C9B9C7 /* Resources */ = {
			isa = PBXResourcesBuildPhase;
			buildActionMask = 2147483647;
			files = (
				0F4BB12C2C51F66900C9B9C7 /* LaunchScreen.storyboard in Resources */,
				0F4BB1292C51F66900C9B9C7 /* Assets.xcassets in Resources */,
			);
			runOnlyForDeploymentPostprocessing = 0;
		};
/* End PBXResourcesBuildPhase section */

/* Begin PBXSourcesBuildPhase section */
		0F4BB1182C51F66700C9B9C7 /* Sources */ = {
			isa = PBXSourcesBuildPhase;
			buildActionMask = 2147483647;
			files = (
				0F4824AE2C52203000A8CF60 /* MovieDetailTableViewCell.swift in Sources */,
				0F4824B92C5351B700A8CF60 /* NoContentView.swift in Sources */,
				0F4824B52C5332B400A8CF60 /* String+Extensions.swift in Sources */,
				0F4824B72C533F4600A8CF60 /* HTTPClient.swift in Sources */,
				0F4824B22C5223DA00A8CF60 /* MovieCellViewModel.swift in Sources */,
				0F4824B02C5220CE00A8CF60 /* MovieListViewModel.swift in Sources */,
				0F4BB1392C51F76800C9B9C7 /* AppViewController.swift in Sources */,
				0F4BB1202C51F66700C9B9C7 /* AppDelegate.swift in Sources */,
				0F4824BB2C5357B900A8CF60 /* MovieTableView.swift in Sources */,
				0F4BB13B2C51F89000C9B9C7 /* Movie.swift in Sources */,
			);
			runOnlyForDeploymentPostprocessing = 0;
		};
/* End PBXSourcesBuildPhase section */

/* Begin PBXVariantGroup section */
		0F4BB12A2C51F66900C9B9C7 /* LaunchScreen.storyboard */ = {
			isa = PBXVariantGroup;
			children = (
				0F4BB12B2C51F66900C9B9C7 /* Base */,
			);
			name = LaunchScreen.storyboard;
			sourceTree = "<group>";
		};
/* End PBXVariantGroup section */

/* Begin XCBuildConfiguration section */
		0F4BB12E2C51F66900C9B9C7 /* Debug */ = {
			isa = XCBuildConfiguration;
			buildSettings = {
				ALWAYS_SEARCH_USER_PATHS = NO;
				ASSETCATALOG_COMPILER_GENERATE_SWIFT_ASSET_SYMBOL_EXTENSIONS = YES;
				CLANG_ANALYZER_NONNULL = YES;
				CLANG_ANALYZER_NUMBER_OBJECT_CONVERSION = YES_AGGRESSIVE;
				CLANG_CXX_LANGUAGE_STANDARD = "gnu++20";
				CLANG_ENABLE_MODULES = YES;
				CLANG_ENABLE_OBJC_ARC = YES;
				CLANG_ENABLE_OBJC_WEAK = YES;
				CLANG_WARN_BLOCK_CAPTURE_AUTORELEASING = YES;
				CLANG_WARN_BOOL_CONVERSION = YES;
				CLANG_WARN_COMMA = YES;
				CLANG_WARN_CONSTANT_CONVERSION = YES;
				CLANG_WARN_DEPRECATED_OBJC_IMPLEMENTATIONS = YES;
				CLANG_WARN_DIRECT_OBJC_ISA_USAGE = YES_ERROR;
				CLANG_WARN_DOCUMENTATION_COMMENTS = YES;
				CLANG_WARN_EMPTY_BODY = YES;
				CLANG_WARN_ENUM_CONVERSION = YES;
				CLANG_WARN_INFINITE_RECURSION = YES;
				CLANG_WARN_INT_CONVERSION = YES;
				CLANG_WARN_NON_LITERAL_NULL_CONVERSION = YES;
				CLANG_WARN_OBJC_IMPLICIT_RETAIN_SELF = YES;
				CLANG_WARN_OBJC_LITERAL_CONVERSION = YES;
				CLANG_WARN_OBJC_ROOT_CLASS = YES_ERROR;
				CLANG_WARN_QUOTED_INCLUDE_IN_FRAMEWORK_HEADER = YES;
				CLANG_WARN_RANGE_LOOP_ANALYSIS = YES;
				CLANG_WARN_STRICT_PROTOTYPES = YES;
				CLANG_WARN_SUSPICIOUS_MOVE = YES;
				CLANG_WARN_UNGUARDED_AVAILABILITY = YES_AGGRESSIVE;
				CLANG_WARN_UNREACHABLE_CODE = YES;
				CLANG_WARN__DUPLICATE_METHOD_MATCH = YES;
				COPY_PHASE_STRIP = NO;
				DEBUG_INFORMATION_FORMAT = dwarf;
				ENABLE_STRICT_OBJC_MSGSEND = YES;
				ENABLE_TESTABILITY = YES;
				ENABLE_USER_SCRIPT_SANDBOXING = YES;
				GCC_C_LANGUAGE_STANDARD = gnu17;
				GCC_DYNAMIC_NO_PIC = NO;
				GCC_NO_COMMON_BLOCKS = YES;
				GCC_OPTIMIZATION_LEVEL = 0;
				GCC_PREPROCESSOR_DEFINITIONS = (
					"DEBUG=1",
					"$(inherited)",
				);
				GCC_WARN_64_TO_32_BIT_CONVERSION = YES;
				GCC_WARN_ABOUT_RETURN_TYPE = YES_ERROR;
				GCC_WARN_UNDECLARED_SELECTOR = YES;
				GCC_WARN_UNINITIALIZED_AUTOS = YES_AGGRESSIVE;
				GCC_WARN_UNUSED_FUNCTION = YES;
				GCC_WARN_UNUSED_VARIABLE = YES;
				IPHONEOS_DEPLOYMENT_TARGET = 17.2;
				LOCALIZATION_PREFERS_STRING_CATALOGS = YES;
				MTL_ENABLE_DEBUG_INFO = INCLUDE_SOURCE;
				MTL_FAST_MATH = YES;
				ONLY_ACTIVE_ARCH = YES;
				SDKROOT = iphoneos;
				SWIFT_ACTIVE_COMPILATION_CONDITIONS = "DEBUG $(inherited)";
				SWIFT_OPTIMIZATION_LEVEL = "-Onone";
			};
			name = Debug;
		};
		0F4BB12F2C51F66900C9B9C7 /* Release */ = {
			isa = XCBuildConfiguration;
			buildSettings = {
				ALWAYS_SEARCH_USER_PATHS = NO;
				ASSETCATALOG_COMPILER_GENERATE_SWIFT_ASSET_SYMBOL_EXTENSIONS = YES;
				CLANG_ANALYZER_NONNULL = YES;
				CLANG_ANALYZER_NUMBER_OBJECT_CONVERSION = YES_AGGRESSIVE;
				CLANG_CXX_LANGUAGE_STANDARD = "gnu++20";
				CLANG_ENABLE_MODULES = YES;
				CLANG_ENABLE_OBJC_ARC = YES;
				CLANG_ENABLE_OBJC_WEAK = YES;
				CLANG_WARN_BLOCK_CAPTURE_AUTORELEASING = YES;
				CLANG_WARN_BOOL_CONVERSION = YES;
				CLANG_WARN_COMMA = YES;
				CLANG_WARN_CONSTANT_CONVERSION = YES;
				CLANG_WARN_DEPRECATED_OBJC_IMPLEMENTATIONS = YES;
				CLANG_WARN_DIRECT_OBJC_ISA_USAGE = YES_ERROR;
				CLANG_WARN_DOCUMENTATION_COMMENTS = YES;
				CLANG_WARN_EMPTY_BODY = YES;
				CLANG_WARN_ENUM_CONVERSION = YES;
				CLANG_WARN_INFINITE_RECURSION = YES;
				CLANG_WARN_INT_CONVERSION = YES;
				CLANG_WARN_NON_LITERAL_NULL_CONVERSION = YES;
				CLANG_WARN_OBJC_IMPLICIT_RETAIN_SELF = YES;
				CLANG_WARN_OBJC_LITERAL_CONVERSION = YES;
				CLANG_WARN_OBJC_ROOT_CLASS = YES_ERROR;
				CLANG_WARN_QUOTED_INCLUDE_IN_FRAMEWORK_HEADER = YES;
				CLANG_WARN_RANGE_LOOP_ANALYSIS = YES;
				CLANG_WARN_STRICT_PROTOTYPES = YES;
				CLANG_WARN_SUSPICIOUS_MOVE = YES;
				CLANG_WARN_UNGUARDED_AVAILABILITY = YES_AGGRESSIVE;
				CLANG_WARN_UNREACHABLE_CODE = YES;
				CLANG_WARN__DUPLICATE_METHOD_MATCH = YES;
				COPY_PHASE_STRIP = NO;
				DEBUG_INFORMATION_FORMAT = "dwarf-with-dsym";
				ENABLE_NS_ASSERTIONS = NO;
				ENABLE_STRICT_OBJC_MSGSEND = YES;
				ENABLE_USER_SCRIPT_SANDBOXING = YES;
				GCC_C_LANGUAGE_STANDARD = gnu17;
				GCC_NO_COMMON_BLOCKS = YES;
				GCC_WARN_64_TO_32_BIT_CONVERSION = YES;
				GCC_WARN_ABOUT_RETURN_TYPE = YES_ERROR;
				GCC_WARN_UNDECLARED_SELECTOR = YES;
				GCC_WARN_UNINITIALIZED_AUTOS = YES_AGGRESSIVE;
				GCC_WARN_UNUSED_FUNCTION = YES;
				GCC_WARN_UNUSED_VARIABLE = YES;
				IPHONEOS_DEPLOYMENT_TARGET = 17.2;
				LOCALIZATION_PREFERS_STRING_CATALOGS = YES;
				MTL_ENABLE_DEBUG_INFO = NO;
				MTL_FAST_MATH = YES;
				SDKROOT = iphoneos;
				SWIFT_COMPILATION_MODE = wholemodule;
				VALIDATE_PRODUCT = YES;
			};
			name = Release;
		};
		0F4BB1312C51F66900C9B9C7 /* Debug */ = {
			isa = XCBuildConfiguration;
			buildSettings = {
				ASSETCATALOG_COMPILER_APPICON_NAME = AppIcon;
				ASSETCATALOG_COMPILER_GLOBAL_ACCENT_COLOR_NAME = AccentColor;
				CODE_SIGN_STYLE = Automatic;
				CURRENT_PROJECT_VERSION = 1;
				GENERATE_INFOPLIST_FILE = YES;
				INFOPLIST_FILE = NetworkingWithCombine/Info.plist;
				INFOPLIST_KEY_UIApplicationSupportsIndirectInputEvents = YES;
				INFOPLIST_KEY_UILaunchStoryboardName = LaunchScreen;
				INFOPLIST_KEY_UISupportedInterfaceOrientations_iPad = "UIInterfaceOrientationPortrait UIInterfaceOrientationPortraitUpsideDown UIInterfaceOrientationLandscapeLeft UIInterfaceOrientationLandscapeRight";
				INFOPLIST_KEY_UISupportedInterfaceOrientations_iPhone = "UIInterfaceOrientationPortrait UIInterfaceOrientationLandscapeLeft UIInterfaceOrientationLandscapeRight";
				LD_RUNPATH_SEARCH_PATHS = (
					"$(inherited)",
					"@executable_path/Frameworks",
				);
				MARKETING_VERSION = 1.0;
				PRODUCT_BUNDLE_IDENTIFIER = com.rulewithvirtualization.NetworkingWithCombine;
				PRODUCT_NAME = "$(TARGET_NAME)";
				SWIFT_EMIT_LOC_STRINGS = YES;
				SWIFT_VERSION = 5.0;
				TARGETED_DEVICE_FAMILY = "1,2";
			};
			name = Debug;
		};
		0F4BB1322C51F66900C9B9C7 /* Release */ = {
			isa = XCBuildConfiguration;
			buildSettings = {
				ASSETCATALOG_COMPILER_APPICON_NAME = AppIcon;
				ASSETCATALOG_COMPILER_GLOBAL_ACCENT_COLOR_NAME = AccentColor;
				CODE_SIGN_STYLE = Automatic;
				CURRENT_PROJECT_VERSION = 1;
				GENERATE_INFOPLIST_FILE = YES;
				INFOPLIST_FILE = NetworkingWithCombine/Info.plist;
				INFOPLIST_KEY_UIApplicationSupportsIndirectInputEvents = YES;
				INFOPLIST_KEY_UILaunchStoryboardName = LaunchScreen;
				INFOPLIST_KEY_UISupportedInterfaceOrientations_iPad = "UIInterfaceOrientationPortrait UIInterfaceOrientationPortraitUpsideDown UIInterfaceOrientationLandscapeLeft UIInterfaceOrientationLandscapeRight";
				INFOPLIST_KEY_UISupportedInterfaceOrientations_iPhone = "UIInterfaceOrientationPortrait UIInterfaceOrientationLandscapeLeft UIInterfaceOrientationLandscapeRight";
				LD_RUNPATH_SEARCH_PATHS = (
					"$(inherited)",
					"@executable_path/Frameworks",
				);
				MARKETING_VERSION = 1.0;
				PRODUCT_BUNDLE_IDENTIFIER = com.rulewithvirtualization.NetworkingWithCombine;
				PRODUCT_NAME = "$(TARGET_NAME)";
				SWIFT_EMIT_LOC_STRINGS = YES;
				SWIFT_VERSION = 5.0;
				TARGETED_DEVICE_FAMILY = "1,2";
			};
			name = Release;
		};
/* End XCBuildConfiguration section */

/* Begin XCConfigurationList section */
		0F4BB1172C51F66700C9B9C7 /* Build configuration list for PBXProject "NetworkingWithCombine" */ = {
			isa = XCConfigurationList;
			buildConfigurations = (
				0F4BB12E2C51F66900C9B9C7 /* Debug */,
				0F4BB12F2C51F66900C9B9C7 /* Release */,
			);
			defaultConfigurationIsVisible = 0;
			defaultConfigurationName = Release;
		};
		0F4BB1302C51F66900C9B9C7 /* Build configuration list for PBXNativeTarget "NetworkingWithCombine" */ = {
			isa = XCConfigurationList;
			buildConfigurations = (
				0F4BB1312C51F66900C9B9C7 /* Debug */,
				0F4BB1322C51F66900C9B9C7 /* Release */,
			);
			defaultConfigurationIsVisible = 0;
			defaultConfigurationName = Release;
		};
/* End XCConfigurationList section */
	};
	rootObject = 0F4BB1142C51F66700C9B9C7 /* Project object */;
}
